{
  "name": "@idkjs/record",
  "version": "0.1.0",
  "lockfileVersion": 1,
  "requires": true,
  "dependencies": {
    "@glennsl/bs-json": {
      "version": "5.0.1",
      "resolved": "https://registry.npmjs.org/@glennsl/bs-json/-/bs-json-5.0.1.tgz",
      "integrity": "sha512-tDxqeO4LCUz3HIwsdqyM4OIUk/bIV8QwDuhNbqy3hHIVEciePbJXTSyXMKsoIFs3ukQY8ZsQXskONtOK4TyLfA=="
    },
    "async-limiter": {
      "version": "1.0.1",
      "resolved": "https://registry.npmjs.org/async-limiter/-/async-limiter-1.0.1.tgz",
      "integrity": "sha512-csOlWGAcRFJaI6m+F2WKdnMKr4HhdhFVBk0H/QbJFMCr+uO2kwohwXQPxw/9OCxp05r5ghVBFSyioixx3gfkNQ=="
    },
    "bs-platform": {
      "version": "7.0.1",
      "resolved": "https://registry.npmjs.org/bs-platform/-/bs-platform-7.0.1.tgz",
      "integrity": "sha512-UjStdtHhbtC/l6vKJ1XRDqrPk7rFf5PLYHtRX3akDXEYVnTbN36z0g4DEr5mU8S0N945e33HYts9x+i7hKKpZQ==",
      "dev": true
    },
    "bs-ws": {
      "version": "1.1.2",
      "resolved": "https://registry.npmjs.org/bs-ws/-/bs-ws-1.1.2.tgz",
      "integrity": "sha512-YzgqT5ORzk+dLdz/icpxLcyW7n3lUF0K2Zq5OARAW+jS1DS6q5W/Yx3LmhYvtoEAw8G7/KhhZ3JzSsC43v02ZQ==",
      "requires": {
        "ws": "^7.2.0"
      }
    },
    "isomorphic-ws": {
      "version": "4.0.1",
      "resolved": "https://registry.npmjs.org/isomorphic-ws/-/isomorphic-ws-4.0.1.tgz",
      "integrity": "sha512-BhBvN2MBpWTaSHdWRb/bwdZJ1WaehQ2L1KngkCkfLUGF0mAWAT1sQUQacEmQ0jXkFw/czDXPNQSL5u2/Krsz1w=="
    },
    "ws": {
      "version": "7.2.0",
      "resolved": "https://registry.npmjs.org/ws/-/ws-7.2.0.tgz",
      "integrity": "sha512-+SqNqFbwTm/0DC18KYzIsMTnEWpLwJsiasW/O17la4iDRRIO9uaHbvKiAS3AHgTiuuWerK/brj4O6MYZkei9xg==",
      "requires": {
        "async-limiter": "^1.0.0"
      }
    }
  }
}
